# THIS IS AN AUTOGENERATED FILE. DO NOT EDIT THIS FILE DIRECTLY.
assets/ajax-loader.gif:
  development: 2017-05-25T13:17:08-04:00   deca8b0ecd6974227d157b6d7068995d
assets/build.html:
  development: 2017-10-05T23:44:19-04:00   eef991cf6356d481df0240c83374e813
assets/gift-card.js:
  development: 2017-05-25T13:17:08-04:00   d98dc5c9afcd8397babfd08c06e9899a
assets/ico-select.svg.liquid:
  development: 2017-05-25T13:17:08-04:00   087b0a8654b4e8b2c203cfa17204b849
assets/iwom.scss:
  development: 2017-10-09T23:15:40-04:00   127ac00ea7c6a069a5148ad3ee31a709
assets/sca.location-map-mobile.png:
  development: 2017-06-05T13:43:28-04:00   90709f91160aea60db6c032508e1bf7a
assets/sca.storelocator.css:
  development: 2017-06-05T13:43:28-04:00   a13ceb374a7284f8f203101d855660ca
assets/sca.storelocator_scripttag.js:
  development: 2017-06-06T11:04:27-04:00   1c24ed004b2610ea60b09aa3cab50462
assets/scm-attribute.css:
  development: 2017-06-21T21:31:00-04:00   876e6eaafa1dcc2b9ccfb697709c34d2
assets/scm-attribute.js:
  development: 2017-07-13T04:18:00-04:00   bdcf4c263e3806c04f43a16fe6798d96
assets/theme.js:
  development: 2017-07-05T23:54:22-04:00   024b7b43d5e15dd5c99dbfd729a7d9d1
assets/theme.scss.liquid:
  development: 2017-07-19T14:40:38-04:00   2abc3d0e49c8be8cd94227059cca38df
assets/vendor.js:
  development: 2017-05-25T13:17:09-04:00   56c479ea5c2851268425f6521a38b684
assets/webcomponents-lite.min.js:
  development: 2017-10-02T15:36:01-04:00   32b5a9b7ada86304bec6b43d3f2194f0
config/settings_data.json:
  development: 2017-10-09T22:32:23-04:00   ebaca2af4b51705aa3944ddfd912ab2e
config/settings_schema.json:
  development: 2017-10-02T15:35:35-04:00   eed7488698307a16ecb145351424e42b
layout/password.liquid:
  development: 2017-05-25T13:17:09-04:00   ddf2311ce4e70fd76900089ad56c2da9
layout/theme.liquid:
  development: 2017-10-09T23:11:53-04:00   e602aa044a7267597309c54fcf73bbe2
locales/de.json:
  development: 2017-10-02T15:35:10-04:00   53b38a6c086ebfbd6bd71bcf3e59002a
locales/en.default.json:
  development: 2017-10-02T15:35:36-04:00   b97797c65f63db071900c62bdf918d62
locales/es.json:
  development: 2017-10-02T15:35:20-04:00   42ea582e9728636405f55102542ef30c
locales/fr.json:
  development: 2017-10-02T15:35:51-04:00   9bf588f5e015e11325e0481b2b12eb4d
locales/pt-BR.json:
  development: 2017-10-02T15:36:02-04:00   6485ed67c562ce8f90afb5c726e398c1
locales/pt-PT.json:
  development: 2017-10-02T15:35:40-04:00   e882900fb1d4e79d72778d88eac47e20
sections/advanced-content.liquid:
  development: 2017-05-25T13:17:06-04:00   f6d72ffacd166e808ebebad43d0f9d16
sections/article-content.liquid:
  development: 2017-05-25T13:17:06-04:00   1cde932193d95ba7a99439867b0b1dc7
sections/brand-list.liquid:
  development: 2017-05-25T13:17:06-04:00   485ef403963eccee5299a702c191c7b4
sections/cart-template.liquid:
  development: 2017-06-21T21:30:58-04:00   1f5db58358a41f79ca28115f2114fef2
sections/collection-filters.liquid:
  development: 2017-05-25T13:17:06-04:00   99e2ef5d3b6fb1656bd31f6fc4f00ddb
sections/collections-page.liquid:
  development: 2017-10-02T15:35:12-04:00   6e03ee53dfb8e6ae7b9ef498cc01d248
sections/columns.liquid:
  development: 2017-05-25T13:17:06-04:00   e5970f2c92c837f7a02d933b97a80d1c
sections/featured-articles.liquid:
  development: 2017-05-25T13:17:06-04:00   c063cfd7941be48bc84c510273cb5bea
sections/featured-collections.liquid:
  development: 2017-05-25T13:17:06-04:00   00bfe0014bd22a1226f8647a27862af2
sections/featured-content.liquid:
  development: 2017-05-25T13:17:06-04:00   d83f23d21f2d7b5633f51421a75895fe
sections/featured-product.liquid:
  development: 2017-05-25T13:17:06-04:00   5d633b63dc6c716ede321af49523a2c1
sections/featured-products-subsection.liquid:
  development: 2017-05-25T13:17:06-04:00   7f5a3fbf812d95d2cf649c51c36ad7f4
sections/featured-products.liquid:
  development: 2017-05-25T13:17:06-04:00   5a06ae642d83c209c385180a632ece79
sections/footer.liquid:
  development: 2017-05-25T13:17:06-04:00   140e45f15896cbc313a67ef18baf02a6
sections/gallery.liquid:
  development: 2017-05-25T13:17:07-04:00   85670d95503e70886eb8534bbf5b7a55
sections/header.liquid:
  development: 2017-10-09T23:07:02-04:00   0b3721f202ba27dbe41c59781a5bc1a5
sections/hypervisual-page.liquid:
  development: 2017-06-27T10:42:53-04:00   890e757c4f014288b5ca86e8173e3145
sections/image-content.liquid:
  development: 2017-05-25T13:17:07-04:00   8497f005b655013d32f4ce2305f70e49
sections/iwom-banner.liquid:
  development: 2017-10-05T23:46:12-04:00   fab2279957c4c1b5a165faa59fcdc28c
sections/link-block.liquid:
  development: 2017-05-25T13:17:07-04:00   22e299a0410dac750c7dc1f35acdbe54
sections/map.liquid:
  development: 2017-10-02T15:35:36-04:00   0b1af9a97998a798e8d954852306c098
sections/newsletter.liquid:
  development: 2017-05-25T13:17:07-04:00   cab3013e23d17b53c185c189411c412a
sections/password-content.liquid:
  development: 2017-05-25T13:17:07-04:00   0a15b0e9851f0e0260438a9cce3cc97b
sections/password-footer.liquid:
  development: 2017-05-25T13:17:07-04:00   47eec2c7b70086dd509ff188e70c00e3
sections/password-header.liquid:
  development: 2017-05-25T13:17:07-04:00   f0d01f9592a3dadc07c9bd3d0126a9f1
sections/product-template.liquid:
  development: 2017-08-17T15:52:07-04:00   25549e516c9c326bf49eca78dacd90fb
sections/quotes.liquid:
  development: 2017-10-02T15:35:01-04:00   a716b4f1dd161fd036135b1ef6e9300c
sections/rich-text.liquid:
  development: 2017-05-25T13:17:07-04:00   3c116d544ec78b6ec58ecfbdd510e205
sections/search.liquid:
  development: 2017-07-19T14:32:26-04:00   36f203b0bbf83e4dff8d20221bd80a3f
sections/slideshow.liquid:
  development: 2017-06-01T23:11:50-04:00   504b83efcdf5e8e6e244e8db8c71cf2a
snippets/banner.liquid:
  development: 2017-10-02T15:35:00-04:00   62eec764aac96e78a2bf0275dc0c35fe
snippets/comment.liquid:
  development: 2017-05-25T13:17:09-04:00   6b47f2a5d6a07494ad7de1ce9997c9d9
snippets/custom-product-tabs.liquid:
  development: 2017-07-11T12:25:06-04:00   a6c679ccad89fbd770bca1494af869b8
snippets/google-fonts.liquid:
  development: 2017-05-25T13:17:09-04:00   0ad0c678c3fa87cfeb0a10561058beb2
snippets/hypervisual.liquid:
  development: 2017-06-27T10:42:53-04:00   2ed5f0ba8c03062e02caea61373e5539
snippets/icon-amazon_payments.liquid:
  development: 2017-05-25T13:17:09-04:00   f1ad8ba26dd5b98117703ede5357e408
snippets/icon-american_express.liquid:
  development: 2017-05-25T13:17:09-04:00   ffa58442d17d73d2bef88399019993f3
snippets/icon-apple_pay.liquid:
  development: 2017-05-25T13:17:09-04:00   e82e7acc46479ea2173926f8fad55db0
snippets/icon-arrow-down.liquid:
  development: 2017-05-25T13:17:09-04:00   f8fd3b896d90388f5aae1c93e2a77da2
snippets/icon-arrow-left.liquid:
  development: 2017-05-25T13:17:09-04:00   12c9b68124cea15ee7cc558709ac77d3
snippets/icon-arrow-right.liquid:
  development: 2017-05-25T13:17:09-04:00   177e0020103e51e3acaed4a594b50c73
snippets/icon-arrow-thin-left.liquid:
  development: 2017-05-25T13:17:09-04:00   830b0d9386051e86d9ffd8c40ffbf770
snippets/icon-arrow-up.liquid:
  development: 2017-05-25T13:17:09-04:00   0e1e498f1d507716eaf8e877bd4efeeb
snippets/icon-bag.liquid:
  development: 2017-05-25T13:17:09-04:00   dd18ce7e32cb074f12d064104d9369d5
snippets/icon-bitcoin.liquid:
  development: 2017-05-25T13:17:09-04:00   e9a7e7de915fc7df29a835dfe2de385d
snippets/icon-cart.liquid:
  development: 2017-05-25T13:17:09-04:00   f95451ec8a45aa2c1da6d4cb6b0c855e
snippets/icon-cirrus.liquid:
  development: 2017-05-25T13:17:09-04:00   2e2e16ec6f0603de157992dc61a50657
snippets/icon-close.liquid:
  development: 2017-05-25T13:17:09-04:00   96d324f98248ed2430c30836e89c79b8
snippets/icon-dankort.liquid:
  development: 2017-05-25T13:17:09-04:00   3e3795e8c72afb70ff83fe0699814925
snippets/icon-diners_club.liquid:
  development: 2017-05-25T13:17:10-04:00   fa88936febf9c082201530c0c69cd699
snippets/icon-discover.liquid:
  development: 2017-05-25T13:17:10-04:00   2af236ff5c056aaada8d735cf50db46c
snippets/icon-dogecoin.liquid:
  development: 2017-05-25T13:17:10-04:00   6a35f5db9eb93d1ed563c6989ff30798
snippets/icon-dwolla.liquid:
  development: 2017-05-25T13:17:10-04:00   aeb86f67aad84adaf7635d2043cb89a9
snippets/icon-facebook.liquid:
  development: 2017-05-25T13:17:10-04:00   1f4ee2d25e4ae01fbd0591cf92b1bdb6
snippets/icon-forbrugsforeningen.liquid:
  development: 2017-05-25T13:17:10-04:00   ff962a94f23046340766c215b0f14a52
snippets/icon-hamburger.liquid:
  development: 2017-05-25T13:17:10-04:00   c429f6a0db27bb76a5bfd0d1c422ab53
snippets/icon-instagram.liquid:
  development: 2017-05-25T13:17:10-04:00   bf50214819f6e2a5f053593e2414526d
snippets/icon-interac.liquid:
  development: 2017-05-25T13:17:10-04:00   d1ec7589f8f9befedd935603e2380489
snippets/icon-jcb.liquid:
  development: 2017-05-25T13:17:10-04:00   4bc8d7390f04bd32042e2cd80e44bb5a
snippets/icon-litecoin.liquid:
  development: 2017-05-25T13:17:10-04:00   051dfcb36fa17b532a087b12f0a49e0e
snippets/icon-lock.liquid:
  development: 2017-05-25T13:17:10-04:00   60ae7ba03d14efa582faed8855821a58
snippets/icon-maestro.liquid:
  development: 2017-05-25T13:17:10-04:00   b987e558ecad607661489939ec8ca524
snippets/icon-master.liquid:
  development: 2017-05-25T13:17:10-04:00   7be93970b63c2fd0e2b319a35c00a9d7
snippets/icon-minus.liquid:
  development: 2017-05-25T13:17:10-04:00   d67c918f4271ac3e2b3689a1c66cd324
snippets/icon-pause.liquid:
  development: 2017-05-25T13:17:10-04:00   99e785a63af3ab0a7ccd9c5551ea8910
snippets/icon-paypal.liquid:
  development: 2017-05-25T13:17:10-04:00   576f8465d6e1a5c003bc42deb4b2c09a
snippets/icon-phone.liquid:
  development: 2017-10-09T22:35:59-04:00   7b92c42ddf466eaba94dd98a6772e4a4
snippets/icon-pinterest.liquid:
  development: 2017-05-25T13:17:10-04:00   d0f6a3f3842d8782a7beec9e7422a4d4
snippets/icon-play.liquid:
  development: 2017-05-25T13:17:10-04:00   31ff2901a9fd0f32ebc4c05748e7aa5d
snippets/icon-plus.liquid:
  development: 2017-05-25T13:17:10-04:00   59271dc8b74871a9af77d3ac0ac839da
snippets/icon-quote.liquid:
  development: 2017-05-25T13:17:10-04:00   e710949f7a142dfc3c4fac15c33bb2fa
snippets/icon-rss.liquid:
  development: 2017-05-25T13:17:10-04:00   e44945385279f30693ad10bf7647770a
snippets/icon-search.liquid:
  development: 2017-05-25T13:17:10-04:00   365615febc89c876686a0b15e515fb62
snippets/icon-shopify-logo.liquid:
  development: 2017-05-25T13:17:10-04:00   3f0b70f9e01be5b25507d25a732ecde7
snippets/icon-snapchat.liquid:
  development: 2017-05-25T13:17:10-04:00   9ed6937e3232c9034976be2b8ed9f673
snippets/icon-stripe.liquid:
  development: 2017-05-25T13:17:10-04:00   e79ac5f1ff57e03a49c805105ffc5756
snippets/icon-tumblr.liquid:
  development: 2017-05-25T13:17:10-04:00   95b170823ba66888266df40855dcf6ca
snippets/icon-twitter.liquid:
  development: 2017-05-25T13:17:10-04:00   15da0c480346e2782bd2288113e76e00
snippets/icon-vimeo.liquid:
  development: 2017-05-25T13:17:10-04:00   d05774570a73a039e16e6be0411449ab
snippets/icon-visa.liquid:
  development: 2017-05-25T13:17:10-04:00   9f864f065156d1820e794adbd3f1ffd0
snippets/icon-youtube.liquid:
  development: 2017-05-25T13:17:11-04:00   7b566c0e9843640150d456430a74ff74
snippets/limespot-cross-sell-cart.liquid:
  development: 2017-10-02T15:35:44-04:00   1091e8725a864cd191d2c52a55c4edea
snippets/limespot-custom-css.liquid:
  development: 2017-10-02T15:34:55-04:00   bc45a70ca9caeb075ca285a9b21d3a2c
snippets/limespot-global-head-includes.liquid:
  development: 2017-10-02T15:34:57-04:00   07e7956a8a1cbfbe842ea48907d39f56
snippets/limespot-most-popular.liquid:
  development: 2017-10-02T15:35:42-04:00   d969615399ba9c04263e46ca27488498
snippets/limespot-new-arrival.liquid:
  development: 2017-10-02T15:36:01-04:00   e35e74df28eedc93beb1e993009bce9b
snippets/limespot-recently-viewed.liquid:
  development: 2017-10-02T15:35:05-04:00   75560919396aba6c27a466c65af9a102
snippets/limespot-related-cart.liquid:
  development: 2017-10-02T15:35:47-04:00   ea56200b840f9a0ab37bea180fef2883
snippets/limespot-related-product.liquid:
  development: 2017-10-02T15:35:35-04:00   5a9fd7ab6831e0253a42c96c14723b70
snippets/limespot-trending.liquid:
  development: 2017-10-02T15:34:59-04:00   329cc16ba9775d92d35d714773d226a8
snippets/limespot-upsell-cart.liquid:
  development: 2017-10-02T15:35:45-04:00   ae50dce8d1be2cc863566566bc8162a6
snippets/limespot-you-may-like.liquid:
  development: 2017-10-02T15:35:23-04:00   220b5d81655b5a425e0a2d9c84e20b4c
snippets/meganav.liquid:
  development: 2017-05-25T13:17:11-04:00   48db18ab49129237ec6cb2908766b663
snippets/no-blocks.liquid:
  development: 2017-05-25T13:17:11-04:00   0cb7d758b6df0feb07ae5804b4b627fa
snippets/product-card.liquid:
  development: 2017-05-25T13:17:11-04:00   83042f89377ecd9e55f0f3ae532a1bc6
snippets/scm-attribute-cart.liquid:
  development: 2017-07-14T14:56:54-04:00   6dc79b622d9a6a3f99b18fc1bbc04d59
snippets/scm-attribute-edit-account-link.liquid:
  development: 2017-06-21T21:31:00-04:00   d6fb5edb89e39c92c8f37e0430eec54b
snippets/scm-attribute-head.liquid:
  development: 2017-06-21T21:31:00-04:00   9a579321e4cf00e157ef5ee6e08b29b8
snippets/scm-attribute-register.liquid:
  development: 2017-07-14T14:53:50-04:00
snippets/social-meta-tags.liquid:
  development: 2017-05-25T13:17:11-04:00   d3c04802274fb32195cc2768061ed6b2
snippets/social-sharing.liquid:
  development: 2017-05-25T13:17:11-04:00   faefcb8d384a0333413f164a44f8ff87
snippets/user-photos.liquid:
  development: 2017-07-05T12:58:53-04:00   884c64161e60fec5e2b944af0b7438f0
templates/404.liquid:
  development: 2017-10-02T15:36:01-04:00   99c243a384f402eb820079639b48430d
templates/article.liquid:
  development: 2017-10-02T15:36:00-04:00   6d2de2e8f2abab2c208f66b855d55a56
templates/blog.liquid:
  development: 2017-10-02T15:35:34-04:00   923440a24376517865448ef7baced0d6
templates/cart.liquid:
  development: 2017-10-02T15:35:50-04:00   ab6c504c4217e15e6dedb1097126399b
templates/collection.liquid:
  development: 2017-10-02T15:35:19-04:00   27b2d16749a13cc6e1f29c8f975efb6b
templates/customers/account.edit.liquid:
  development: 2017-07-14T14:53:50-04:00   607b5e2f6cd9c38d9523226e57886fed
templates/customers/account.liquid:
  development: 2017-06-21T21:30:59-04:00   fc7325fc89d158b950f85b1db0b4583b
templates/customers/activate_account.liquid:
  development: 2017-05-25T13:17:11-04:00   f36eddc94f148aee6a9b1d6387ff4b95
templates/customers/addresses.liquid:
  development: 2017-05-25T13:17:11-04:00   3f0e553529e901e96493d6f4e720f4fd
templates/customers/login.liquid:
  development: 2017-05-25T13:17:11-04:00   8d86911b000ae9467d803bac917d0cd8
templates/customers/order.liquid:
  development: 2017-05-25T13:17:11-04:00   52fbe9c3fd5085ff8eac812948e98a32
templates/customers/register.liquid:
  development: 2017-06-21T21:30:58-04:00   1fc563084dbaae803fcefc33172c7f7a
templates/customers/reset_password.liquid:
  development: 2017-05-25T13:17:11-04:00   73f390cd1d27f0e95d5674c2fcba2e0d
templates/gift_card.liquid:
  development: 2017-05-25T13:17:11-04:00   538ac344d5e387188ef53838e65d7595
templates/index.liquid:
  development: 2017-10-02T15:35:18-04:00   929ca7517a372a5f2943f1b9810deeeb
templates/index.product_types.liquid:
  development: 2017-06-21T22:41:46-04:00   874394684cac3821d294a6c9c4e8e423
templates/index.vendors.liquid:
  development: 2017-06-21T22:41:47-04:00   929d64bac1cef16e0cf220975cb95188
templates/list-collections.liquid:
  development: 2017-05-25T13:17:11-04:00   98c228dc9e28b2d01ad817935f8cbcba
templates/page.contact.liquid:
  development: 2017-05-25T13:17:11-04:00   bc3a82270aae7ee5346e3df9c0047bf1
templates/page.hypervisual.liquid:
  development: 2017-06-27T10:42:53-04:00   afd9f8b775047defca81cd4f1ec433eb
templates/page.liquid:
  development: 2017-05-25T13:17:11-04:00   d5bd4d5e9e86da6be06d093763c42473
templates/page.sca-storelocator.liquid:
  development: 2017-06-05T13:43:28-04:00   d6918b3ca6a48ac9a0d450dc5930f6c4
templates/password.liquid:
  development: 2017-05-25T13:17:11-04:00   1e6018925cf530d009aa332c4553411e
templates/product.backup.liquid:
  development: 2017-06-21T20:43:35-04:00   30321571b0130bd39af6d5f298aff44f
templates/product.liquid:
  development: 2017-08-28T01:05:40-04:00   f57924666430137683fc939a6ce12499
templates/search.liquid:
  development: 2017-07-19T14:31:06-04:00   76645d2cd5c5df185f8c10ca7ba04987
templates/search.scm.products.liquid:
  development: 2017-06-21T22:41:47-04:00   b597ae9fe492751a9c5ccd0da43f5e0b
